
Microsoft Visual Studio Solution File, Format Version 12.00
# Visual Studio Version 17
VisualStudioVersion = 17.5.33530.505
MinimumVisualStudioVersion = 10.0.40219.1
Project("{FAE04EC0-301F-11D3-BF4B-00C04F79EFBC}") = "simpleweatherApi", "simpleweatherApi.csproj", "{44BDC157-D8E9-4698-A781-57619E2E5F3D}"
EndProject
Global
	GlobalSection(SolutionConfigurationPlatforms) = preSolution
		Debug|Any CPU = Debug|Any CPU
		Release|Any CPU = Release|Any CPU
	EndGlobalSection
	GlobalSection(ProjectConfigurationPlatforms) = postSolution
		{44BDC157-D8E9-4698-A781-57619E2E5F3D}.Debug|Any CPU.ActiveCfg = Debug|Any CPU
		{44BDC157-D8E9-4698-A781-57619E2E5F3D}.Debug|Any CPU.Build.0 = Debug|Any CPU
		{44BDC157-D8E9-4698-A781-57619E2E5F3D}.Release|Any CPU.ActiveCfg = Release|Any CPU
		{44BDC157-D8E9-4698-A781-57619E2E5F3D}.Release|Any CPU.Build.0 = Release|Any CPU
	EndGlobalSection
	GlobalSection(SolutionProperties) = preSolution
		HideSolutionNode = FALSE
	EndGlobalSection
	GlobalSection(ExtensibilityGlobals) = postSolution
		SolutionGuid = {AA0AB020-3A80-4C0B-9659-2DC511B86A19}
	EndGlobalSection
EndGlobal
